
Microsoft Visual Studio Solution File, Format Version 12.00
# Visual Studio Version 17
VisualStudioVersion = 17.0.32014.148
MinimumVisualStudioVersion = 10.0.40219.1
Project("{FAE04EC0-301F-11D3-BF4B-00C04F79EFBC}") = "Practica13", "Practica13\Practica13.csproj", "{29DBA747-9AD1-4CAF-94DE-0F8804C237DC}"
EndProject
Global
	GlobalSection(SolutionConfigurationPlatforms) = preSolution
		Debug|Any CPU = Debug|Any CPU
		Release|Any CPU = Release|Any CPU
	EndGlobalSection
	GlobalSection(ProjectConfigurationPlatforms) = postSolution
		{29DBA747-9AD1-4CAF-94DE-0F8804C237DC}.Debug|Any CPU.ActiveCfg = Debug|Any CPU
		{29DBA747-9AD1-4CAF-94DE-0F8804C237DC}.Debug|Any CPU.Build.0 = Debug|Any CPU
		{29DBA747-9AD1-4CAF-94DE-0F8804C237DC}.Release|Any CPU.ActiveCfg = Release|Any CPU
		{29DBA747-9AD1-4CAF-94DE-0F8804C237DC}.Release|Any CPU.Build.0 = Release|Any CPU
	EndGlobalSection
	GlobalSection(SolutionProperties) = preSolution
		HideSolutionNode = FALSE
	EndGlobalSection
	GlobalSection(ExtensibilityGlobals) = postSolution
		SolutionGuid = {6F6C5869-F0C7-48B1-BD75-A13646D294B9}
	EndGlobalSection
EndGlobal
