
Microsoft Visual Studio Solution File, Format Version 12.00
# Visual Studio Version 17
VisualStudioVersion = 17.0.32014.148
MinimumVisualStudioVersion = 10.0.40219.1
Project("{FAE04EC0-301F-11D3-BF4B-00C04F79EFBC}") = "Practica6", "Practica6\Practica6.csproj", "{8DB3234F-A177-4F6B-8881-F214DC59DEB2}"
EndProject
Global
	GlobalSection(SolutionConfigurationPlatforms) = preSolution
		Debug|Any CPU = Debug|Any CPU
		Release|Any CPU = Release|Any CPU
	EndGlobalSection
	GlobalSection(ProjectConfigurationPlatforms) = postSolution
		{8DB3234F-A177-4F6B-8881-F214DC59DEB2}.Debug|Any CPU.ActiveCfg = Debug|Any CPU
		{8DB3234F-A177-4F6B-8881-F214DC59DEB2}.Debug|Any CPU.Build.0 = Debug|Any CPU
		{8DB3234F-A177-4F6B-8881-F214DC59DEB2}.Release|Any CPU.ActiveCfg = Release|Any CPU
		{8DB3234F-A177-4F6B-8881-F214DC59DEB2}.Release|Any CPU.Build.0 = Release|Any CPU
	EndGlobalSection
	GlobalSection(SolutionProperties) = preSolution
		HideSolutionNode = FALSE
	EndGlobalSection
	GlobalSection(ExtensibilityGlobals) = postSolution
		SolutionGuid = {22645FC9-24BE-49B1-B484-E4E130EE2A65}
	EndGlobalSection
EndGlobal
