
Microsoft Visual Studio Solution File, Format Version 12.00
# Visual Studio Version 17
VisualStudioVersion = 17.0.32014.148
MinimumVisualStudioVersion = 10.0.40219.1
Project("{FAE04EC0-301F-11D3-BF4B-00C04F79EFBC}") = "Ejercicio2", "Ejercicio2\Ejercicio2.csproj", "{447E05D0-AA82-4A67-BCBA-3611F3579F20}"
EndProject
Global
	GlobalSection(SolutionConfigurationPlatforms) = preSolution
		Debug|Any CPU = Debug|Any CPU
		Release|Any CPU = Release|Any CPU
	EndGlobalSection
	GlobalSection(ProjectConfigurationPlatforms) = postSolution
		{447E05D0-AA82-4A67-BCBA-3611F3579F20}.Debug|Any CPU.ActiveCfg = Debug|Any CPU
		{447E05D0-AA82-4A67-BCBA-3611F3579F20}.Debug|Any CPU.Build.0 = Debug|Any CPU
		{447E05D0-AA82-4A67-BCBA-3611F3579F20}.Release|Any CPU.ActiveCfg = Release|Any CPU
		{447E05D0-AA82-4A67-BCBA-3611F3579F20}.Release|Any CPU.Build.0 = Release|Any CPU
	EndGlobalSection
	GlobalSection(SolutionProperties) = preSolution
		HideSolutionNode = FALSE
	EndGlobalSection
	GlobalSection(ExtensibilityGlobals) = postSolution
		SolutionGuid = {CEE5A80F-731B-4576-A25B-53600532A7C1}
	EndGlobalSection
EndGlobal
