
Microsoft Visual Studio Solution File, Format Version 12.00
# Visual Studio Version 17
VisualStudioVersion = 17.0.32014.148
MinimumVisualStudioVersion = 10.0.40219.1
Project("{FAE04EC0-301F-11D3-BF4B-00C04F79EFBC}") = "Practica3", "Practica3\Practica3.csproj", "{628CC024-F478-487D-AA9E-07C37279191D}"
EndProject
Global
	GlobalSection(SolutionConfigurationPlatforms) = preSolution
		Debug|Any CPU = Debug|Any CPU
		Release|Any CPU = Release|Any CPU
	EndGlobalSection
	GlobalSection(ProjectConfigurationPlatforms) = postSolution
		{628CC024-F478-487D-AA9E-07C37279191D}.Debug|Any CPU.ActiveCfg = Debug|Any CPU
		{628CC024-F478-487D-AA9E-07C37279191D}.Debug|Any CPU.Build.0 = Debug|Any CPU
		{628CC024-F478-487D-AA9E-07C37279191D}.Release|Any CPU.ActiveCfg = Release|Any CPU
		{628CC024-F478-487D-AA9E-07C37279191D}.Release|Any CPU.Build.0 = Release|Any CPU
	EndGlobalSection
	GlobalSection(SolutionProperties) = preSolution
		HideSolutionNode = FALSE
	EndGlobalSection
	GlobalSection(ExtensibilityGlobals) = postSolution
		SolutionGuid = {8B50C413-D9E4-4AF5-81ED-DAA64D4B7536}
	EndGlobalSection
EndGlobal
