
Microsoft Visual Studio Solution File, Format Version 12.00
# Visual Studio Version 17
VisualStudioVersion = 17.0.32014.148
MinimumVisualStudioVersion = 10.0.40219.1
Project("{FAE04EC0-301F-11D3-BF4B-00C04F79EFBC}") = "Practica9", "Practica9\Practica9.csproj", "{CE8CA736-1BEE-40D9-9144-BEE2AC04F630}"
EndProject
Global
	GlobalSection(SolutionConfigurationPlatforms) = preSolution
		Debug|Any CPU = Debug|Any CPU
		Release|Any CPU = Release|Any CPU
	EndGlobalSection
	GlobalSection(ProjectConfigurationPlatforms) = postSolution
		{CE8CA736-1BEE-40D9-9144-BEE2AC04F630}.Debug|Any CPU.ActiveCfg = Debug|Any CPU
		{CE8CA736-1BEE-40D9-9144-BEE2AC04F630}.Debug|Any CPU.Build.0 = Debug|Any CPU
		{CE8CA736-1BEE-40D9-9144-BEE2AC04F630}.Release|Any CPU.ActiveCfg = Release|Any CPU
		{CE8CA736-1BEE-40D9-9144-BEE2AC04F630}.Release|Any CPU.Build.0 = Release|Any CPU
	EndGlobalSection
	GlobalSection(SolutionProperties) = preSolution
		HideSolutionNode = FALSE
	EndGlobalSection
	GlobalSection(ExtensibilityGlobals) = postSolution
		SolutionGuid = {7C620AE2-3D15-45CC-9D1B-605F3A3EBE6B}
	EndGlobalSection
EndGlobal
