
Microsoft Visual Studio Solution File, Format Version 12.00
# Visual Studio Version 17
VisualStudioVersion = 17.0.32014.148
MinimumVisualStudioVersion = 10.0.40219.1
Project("{FAE04EC0-301F-11D3-BF4B-00C04F79EFBC}") = "Practica11", "Practica11\Practica11.csproj", "{DFF41941-5222-4F61-AB23-D2670BFC8A33}"
EndProject
Global
	GlobalSection(SolutionConfigurationPlatforms) = preSolution
		Debug|Any CPU = Debug|Any CPU
		Release|Any CPU = Release|Any CPU
	EndGlobalSection
	GlobalSection(ProjectConfigurationPlatforms) = postSolution
		{DFF41941-5222-4F61-AB23-D2670BFC8A33}.Debug|Any CPU.ActiveCfg = Debug|Any CPU
		{DFF41941-5222-4F61-AB23-D2670BFC8A33}.Debug|Any CPU.Build.0 = Debug|Any CPU
		{DFF41941-5222-4F61-AB23-D2670BFC8A33}.Release|Any CPU.ActiveCfg = Release|Any CPU
		{DFF41941-5222-4F61-AB23-D2670BFC8A33}.Release|Any CPU.Build.0 = Release|Any CPU
	EndGlobalSection
	GlobalSection(SolutionProperties) = preSolution
		HideSolutionNode = FALSE
	EndGlobalSection
	GlobalSection(ExtensibilityGlobals) = postSolution
		SolutionGuid = {AA041DD4-950D-4523-B20C-25AB3F3565F9}
	EndGlobalSection
EndGlobal
